// !$*UTF8*$!
{
	archiveVersion = 1;
	classes = {
	};
	objectVersion = 50;
	objects = {

/* Begin PBXBuildFile section */
		84BDF12D29FE8596004CD8E4 /* Assets.xcassets in Resources */ = {isa = PBXBuildFile; fileRef = 84BDF12C29FE8596004CD8E4 /* Assets.xcassets */; };
		84BDF13429FE8596004CD8E4 /* swift-chat-app MessagesExtension.appex in Embed App Extensions */ = {isa = PBXBuildFile; fileRef = 84BDF13329FE8596004CD8E4 /* swift-chat-app MessagesExtension.appex */; settings = {ATTRIBUTES = (RemoveHeadersOnCopy, ); }; };
		84BDF13929FE8596004CD8E4 /* Messages.framework in Frameworks */ = {isa = PBXBuildFile; fileRef = 84BDF13829FE8596004CD8E4 /* Messages.framework */; };
		84BDF13C29FE8596004CD8E4 /* MessagesViewController.swift in Sources */ = {isa = PBXBuildFile; fileRef = 84BDF13B29FE8596004CD8E4 /* MessagesViewController.swift */; };
		84BDF13F29FE8596004CD8E4 /* MainInterface.storyboard in Resources */ = {isa = PBXBuildFile; fileRef = 84BDF13D29FE8596004CD8E4 /* MainInterface.storyboard */; };
		84BDF14129FE8596004CD8E4 /* Assets.xcassets in Resources */ = {isa = PBXBuildFile; fileRef = 84BDF14029FE8596004CD8E4 /* Assets.xcassets */; };
/* End PBXBuildFile section */

/* Begin PBXContainerItemProxy section */
		84BDF13529FE8596004CD8E4 /* PBXContainerItemProxy */ = {
			isa = PBXContainerItemProxy;
			containerPortal = 84BDF12329FE8596004CD8E4 /* Project object */;
			proxyType = 1;
			remoteGlobalIDString = 84BDF13229FE8596004CD8E4;
			remoteInfo = "swift-chat-app MessagesExtension";
		};
/* End PBXContainerItemProxy section */

/* Begin PBXCopyFilesBuildPhase section */
		84BDF14829FE8596004CD8E4 /* Embed App Extensions */ = {
			isa = PBXCopyFilesBuildPhase;
			buildActionMask = 2147483647;
			dstPath = "";
			dstSubfolderSpec = 13;
			files = (
				84BDF13429FE8596004CD8E4 /* swift-chat-app MessagesExtension.appex in Embed App Extensions */,
			);
			name = "Embed App Extensions";
			runOnlyForDeploymentPostprocessing = 0;
		};
/* End PBXCopyFilesBuildPhase section */

/* Begin PBXFileReference section */
		84BDF12929FE8596004CD8E4 /* swift-chat-app.app */ = {isa = PBXFileReference; explicitFileType = wrapper.application; includeInIndex = 0; path = "swift-chat-app.app"; sourceTree = BUILT_PRODUCTS_DIR; };
		84BDF12C29FE8596004CD8E4 /* Assets.xcassets */ = {isa = PBXFileReference; lastKnownFileType = folder.assetcatalog; path = Assets.xcassets; sourceTree = "<group>"; };
		84BDF12E29FE8596004CD8E4 /* Info.plist */ = {isa = PBXFileReference; lastKnownFileType = text.plist.xml; path = Info.plist; sourceTree = "<group>"; };
		84BDF13329FE8596004CD8E4 /* swift-chat-app MessagesExtension.appex */ = {isa = PBXFileReference; explicitFileType = "wrapper.app-extension"; includeInIndex = 0; path = "swift-chat-app MessagesExtension.appex"; sourceTree = BUILT_PRODUCTS_DIR; };
		84BDF13829FE8596004CD8E4 /* Messages.framework */ = {isa = PBXFileReference; lastKnownFileType = wrapper.framework; name = Messages.framework; path = System/Library/Frameworks/Messages.framework; sourceTree = SDKROOT; };
		84BDF13B29FE8596004CD8E4 /* MessagesViewController.swift */ = {isa = PBXFileReference; lastKnownFileType = sourcecode.swift; path = MessagesViewController.swift; sourceTree = "<group>"; };
		84BDF13E29FE8596004CD8E4 /* Base */ = {isa = PBXFileReference; lastKnownFileType = file.storyboard; name = Base; path = Base.lproj/MainInterface.storyboard; sourceTree = "<group>"; };
		84BDF14029FE8596004CD8E4 /* Assets.xcassets */ = {isa = PBXFileReference; lastKnownFileType = folder.assetcatalog; path = Assets.xcassets; sourceTree = "<group>"; };
		84BDF14229FE8596004CD8E4 /* Info.plist */ = {isa = PBXFileReference; lastKnownFileType = text.plist.xml; path = Info.plist; sourceTree = "<group>"; };
/* End PBXFileReference section */

/* Begin PBXFrameworksBuildPhase section */
		84BDF13029FE8596004CD8E4 /* Frameworks */ = {
			isa = PBXFrameworksBuildPhase;
			buildActionMask = 2147483647;
			files = (
				84BDF13929FE8596004CD8E4 /* Messages.framework in Frameworks */,
			);
			runOnlyForDeploymentPostprocessing = 0;
		};
/* End PBXFrameworksBuildPhase section */

/* Begin PBXGroup section */
		84BDF12229FE8596004CD8E4 = {
			isa = PBXGroup;
			children = (
				84BDF12B29FE8596004CD8E4 /* swift-chat-app */,
				84BDF13A29FE8596004CD8E4 /* swift-chat-app MessagesExtension */,
				84BDF13729FE8596004CD8E4 /* Frameworks */,
				84BDF12A29FE8596004CD8E4 /* Products */,
			);
			sourceTree = "<group>";
		};
		84BDF12A29FE8596004CD8E4 /* Products */ = {
			isa = PBXGroup;
			children = (
				84BDF12929FE8596004CD8E4 /* swift-chat-app.app */,
				84BDF13329FE8596004CD8E4 /* swift-chat-app MessagesExtension.appex */,
			);
			name = Products;
			sourceTree = "<group>";
		};
		84BDF12B29FE8596004CD8E4 /* swift-chat-app */ = {
			isa = PBXGroup;
			children = (
				84BDF12C29FE8596004CD8E4 /* Assets.xcassets */,
				84BDF12E29FE8596004CD8E4 /* Info.plist */,
			);
			path = "swift-chat-app";
			sourceTree = "<group>";
		};
		84BDF13729FE8596004CD8E4 /* Frameworks */ = {
			isa = PBXGroup;
			children = (
				84BDF13829FE8596004CD8E4 /* Messages.framework */,
			);
			name = Frameworks;
			sourceTree = "<group>";
		};
		84BDF13A29FE8596004CD8E4 /* swift-chat-app MessagesExtension */ = {
			isa = PBXGroup;
			children = (
				84BDF13B29FE8596004CD8E4 /* MessagesViewController.swift */,
				84BDF13D29FE8596004CD8E4 /* MainInterface.storyboard */,
				84BDF14029FE8596004CD8E4 /* Assets.xcassets */,
				84BDF14229FE8596004CD8E4 /* Info.plist */,
			);
			path = "swift-chat-app MessagesExtension";
			sourceTree = "<group>";
		};
/* End PBXGroup section */

/* Begin PBXNativeTarget section */
		84BDF12829FE8596004CD8E4 /* swift-chat-app */ = {
			isa = PBXNativeTarget;
			buildConfigurationList = 84BDF14929FE8596004CD8E4 /* Build configuration list for PBXNativeTarget "swift-chat-app" */;
			buildPhases = (
				84BDF12729FE8596004CD8E4 /* Resources */,
				84BDF14829FE8596004CD8E4 /* Embed App Extensions */,
			);
			buildRules = (
			);
			dependencies = (
				84BDF13629FE8596004CD8E4 /* PBXTargetDependency */,
			);
			name = "swift-chat-app";
			productName = "swift-chat-app";
			productReference = 84BDF12929FE8596004CD8E4 /* swift-chat-app.app */;
			productType = "com.apple.product-type.application.messages";
		};
		84BDF13229FE8596004CD8E4 /* swift-chat-app MessagesExtension */ = {
			isa = PBXNativeTarget;
			buildConfigurationList = 84BDF14529FE8596004CD8E4 /* Build configuration list for PBXNativeTarget "swift-chat-app MessagesExtension" */;
			buildPhases = (
				84BDF12F29FE8596004CD8E4 /* Sources */,
				84BDF13029FE8596004CD8E4 /* Frameworks */,
				84BDF13129FE8596004CD8E4 /* Resources */,
			);
			buildRules = (
			);
			dependencies = (
			);
			name = "swift-chat-app MessagesExtension";
			productName = "swift-chat-app MessagesExtension";
			productReference = 84BDF13329FE8596004CD8E4 /* swift-chat-app MessagesExtension.appex */;
			productType = "com.apple.product-type.app-extension.messages";
		};
/* End PBXNativeTarget section */

/* Begin PBXProject section */
		84BDF12329FE8596004CD8E4 /* Project object */ = {
			isa = PBXProject;
			attributes = {
				LastSwiftUpdateCheck = 1030;
				LastUpgradeCheck = 1030;
				ORGANIZATIONNAME = Admin;
				TargetAttributes = {
					84BDF12829FE8596004CD8E4 = {
						CreatedOnToolsVersion = 10.3;
					};
					84BDF13229FE8596004CD8E4 = {
						CreatedOnToolsVersion = 10.3;
					};
				};
			};
			buildConfigurationList = 84BDF12629FE8596004CD8E4 /* Build configuration list for PBXProject "swift-chat-app" */;
			compatibilityVersion = "Xcode 9.3";
			developmentRegion = en;
			hasScannedForEncodings = 0;
			knownRegions = (
				en,
				Base,
			);
			mainGroup = 84BDF12229FE8596004CD8E4;
			productRefGroup = 84BDF12A29FE8596004CD8E4 /* Products */;
			projectDirPath = "";
			projectRoot = "";
			targets = (
				84BDF12829FE8596004CD8E4 /* swift-chat-app */,
				84BDF13229FE8596004CD8E4 /* swift-chat-app MessagesExtension */,
			);
		};
/* End PBXProject section */

/* Begin PBXResourcesBuildPhase section */
		84BDF12729FE8596004CD8E4 /* Resources */ = {
			isa = PBXResourcesBuildPhase;
			buildActionMask = 2147483647;
			files = (
				84BDF12D29FE8596004CD8E4 /* Assets.xcassets in Resources */,
			);
			runOnlyForDeploymentPostprocessing = 0;
		};
		84BDF13129FE8596004CD8E4 /* Resources */ = {
			isa = PBXResourcesBuildPhase;
			buildActionMask = 2147483647;
			files = (
				84BDF14129FE8596004CD8E4 /* Assets.xcassets in Resources */,
				84BDF13F29FE8596004CD8E4 /* MainInterface.storyboard in Resources */,
			);
			runOnlyForDeploymentPostprocessing = 0;
		};
/* End PBXResourcesBuildPhase section */

/* Begin PBXSourcesBuildPhase section */
		84BDF12F29FE8596004CD8E4 /* Sources */ = {
			isa = PBXSourcesBuildPhase;
			buildActionMask = 2147483647;
			files = (
				84BDF13C29FE8596004CD8E4 /* MessagesViewController.swift in Sources */,
			);
			runOnlyForDeploymentPostprocessing = 0;
		};
/* End PBXSourcesBuildPhase section */

/* Begin PBXTargetDependency section */
		84BDF13629FE8596004CD8E4 /* PBXTargetDependency */ = {
			isa = PBXTargetDependency;
			target = 84BDF13229FE8596004CD8E4 /* swift-chat-app MessagesExtension */;
			targetProxy = 84BDF13529FE8596004CD8E4 /* PBXContainerItemProxy */;
		};
/* End PBXTargetDependency section */

/* Begin PBXVariantGroup section */
		84BDF13D29FE8596004CD8E4 /* MainInterface.storyboard */ = {
			isa = PBXVariantGroup;
			children = (
				84BDF13E29FE8596004CD8E4 /* Base */,
			);
			name = MainInterface.storyboard;
			sourceTree = "<group>";
		};
/* End PBXVariantGroup section */

/* Begin XCBuildConfiguration section */
		84BDF14329FE8596004CD8E4 /* Debug */ = {
			isa = XCBuildConfiguration;
			buildSettings = {
				ALWAYS_SEARCH_USER_PATHS = NO;
				CLANG_ANALYZER_NONNULL = YES;
				CLANG_ANALYZER_NUMBER_OBJECT_CONVERSION = YES_AGGRESSIVE;
				CLANG_CXX_LANGUAGE_STANDARD = "gnu++14";
				CLANG_CXX_LIBRARY = "libc++";
				CLANG_ENABLE_MODULES = YES;
				CLANG_ENABLE_OBJC_ARC = YES;
				CLANG_ENABLE_OBJC_WEAK = YES;
				CLANG_WARN_BLOCK_CAPTURE_AUTORELEASING = YES;
				CLANG_WARN_BOOL_CONVERSION = YES;
				CLANG_WARN_COMMA = YES;
				CLANG_WARN_CONSTANT_CONVERSION = YES;
				CLANG_WARN_DEPRECATED_OBJC_IMPLEMENTATIONS = YES;
				CLANG_WARN_DIRECT_OBJC_ISA_USAGE = YES_ERROR;
				CLANG_WARN_DOCUMENTATION_COMMENTS = YES;
				CLANG_WARN_EMPTY_BODY = YES;
				CLANG_WARN_ENUM_CONVERSION = YES;
				CLANG_WARN_INFINITE_RECURSION = YES;
				CLANG_WARN_INT_CONVERSION = YES;
				CLANG_WARN_NON_LITERAL_NULL_CONVERSION = YES;
				CLANG_WARN_OBJC_IMPLICIT_RETAIN_SELF = YES;
				CLANG_WARN_OBJC_LITERAL_CONVERSION = YES;
				CLANG_WARN_OBJC_ROOT_CLASS = YES_ERROR;
				CLANG_WARN_RANGE_LOOP_ANALYSIS = YES;
				CLANG_WARN_STRICT_PROTOTYPES = YES;
				CLANG_WARN_SUSPICIOUS_MOVE = YES;
				CLANG_WARN_UNGUARDED_AVAILABILITY = YES_AGGRESSIVE;
				CLANG_WARN_UNREACHABLE_CODE = YES;
				CLANG_WARN__DUPLICATE_METHOD_MATCH = YES;
				CODE_SIGN_IDENTITY = "iPhone Developer";
				COPY_PHASE_STRIP = NO;
				DEBUG_INFORMATION_FORMAT = dwarf;
				ENABLE_STRICT_OBJC_MSGSEND = YES;
				ENABLE_TESTABILITY = YES;
				GCC_C_LANGUAGE_STANDARD = gnu11;
				GCC_DYNAMIC_NO_PIC = NO;
				GCC_NO_COMMON_BLOCKS = YES;
				GCC_OPTIMIZATION_LEVEL = 0;
				GCC_PREPROCESSOR_DEFINITIONS = (
					"DEBUG=1",
					"$(inherited)",
				);
				GCC_WARN_64_TO_32_BIT_CONVERSION = YES;
				GCC_WARN_ABOUT_RETURN_TYPE = YES_ERROR;
				GCC_WARN_UNDECLARED_SELECTOR = YES;
				GCC_WARN_UNINITIALIZED_AUTOS = YES_AGGRESSIVE;
				GCC_WARN_UNUSED_FUNCTION = YES;
				GCC_WARN_UNUSED_VARIABLE = YES;
				IPHONEOS_DEPLOYMENT_TARGET = 12.4;
				MTL_ENABLE_DEBUG_INFO = INCLUDE_SOURCE;
				MTL_FAST_MATH = YES;
				ONLY_ACTIVE_ARCH = YES;
				SDKROOT = iphoneos;
				SWIFT_ACTIVE_COMPILATION_CONDITIONS = DEBUG;
				SWIFT_OPTIMIZATION_LEVEL = "-Onone";
			};
			name = Debug;
		};
		84BDF14429FE8596004CD8E4 /* Release */ = {
			isa = XCBuildConfiguration;
			buildSettings = {
				ALWAYS_SEARCH_USER_PATHS = NO;
				CLANG_ANALYZER_NONNULL = YES;
				CLANG_ANALYZER_NUMBER_OBJECT_CONVERSION = YES_AGGRESSIVE;
				CLANG_CXX_LANGUAGE_STANDARD = "gnu++14";
				CLANG_CXX_LIBRARY = "libc++";
				CLANG_ENABLE_MODULES = YES;
				CLANG_ENABLE_OBJC_ARC = YES;
				CLANG_ENABLE_OBJC_WEAK = YES;
				CLANG_WARN_BLOCK_CAPTURE_AUTORELEASING = YES;
				CLANG_WARN_BOOL_CONVERSION = YES;
				CLANG_WARN_COMMA = YES;
				CLANG_WARN_CONSTANT_CONVERSION = YES;
				CLANG_WARN_DEPRECATED_OBJC_IMPLEMENTATIONS = YES;
				CLANG_WARN_DIRECT_OBJC_ISA_USAGE = YES_ERROR;
				CLANG_WARN_DOCUMENTATION_COMMENTS = YES;
				CLANG_WARN_EMPTY_BODY = YES;
				CLANG_WARN_ENUM_CONVERSION = YES;
				CLANG_WARN_INFINITE_RECURSION = YES;
				CLANG_WARN_INT_CONVERSION = YES;
				CLANG_WARN_NON_LITERAL_NULL_CONVERSION = YES;
				CLANG_WARN_OBJC_IMPLICIT_RETAIN_SELF = YES;
				CLANG_WARN_OBJC_LITERAL_CONVERSION = YES;
				CLANG_WARN_OBJC_ROOT_CLASS = YES_ERROR;
				CLANG_WARN_RANGE_LOOP_ANALYSIS = YES;
				CLANG_WARN_STRICT_PROTOTYPES = YES;
				CLANG_WARN_SUSPICIOUS_MOVE = YES;
				CLANG_WARN_UNGUARDED_AVAILABILITY = YES_AGGRESSIVE;
				CLANG_WARN_UNREACHABLE_CODE = YES;
				CLANG_WARN__DUPLICATE_METHOD_MATCH = YES;
				CODE_SIGN_IDENTITY = "iPhone Developer";
				COPY_PHASE_STRIP = NO;
				DEBUG_INFORMATION_FORMAT = "dwarf-with-dsym";
				ENABLE_NS_ASSERTIONS = NO;
				ENABLE_STRICT_OBJC_MSGSEND = YES;
				GCC_C_LANGUAGE_STANDARD = gnu11;
				GCC_NO_COMMON_BLOCKS = YES;
				GCC_WARN_64_TO_32_BIT_CONVERSION = YES;
				GCC_WARN_ABOUT_RETURN_TYPE = YES_ERROR;
				GCC_WARN_UNDECLARED_SELECTOR = YES;
				GCC_WARN_UNINITIALIZED_AUTOS = YES_AGGRESSIVE;
				GCC_WARN_UNUSED_FUNCTION = YES;
				GCC_WARN_UNUSED_VARIABLE = YES;
				IPHONEOS_DEPLOYMENT_TARGET = 12.4;
				MTL_ENABLE_DEBUG_INFO = NO;
				MTL_FAST_MATH = YES;
				SDKROOT = iphoneos;
				SWIFT_COMPILATION_MODE = wholemodule;
				SWIFT_OPTIMIZATION_LEVEL = "-O";
				VALIDATE_PRODUCT = YES;
			};
			name = Release;
		};
		84BDF14629FE8596004CD8E4 /* Debug */ = {
			isa = XCBuildConfiguration;
			buildSettings = {
				ASSETCATALOG_COMPILER_APPICON_NAME = "iMessage App Icon";
				CODE_SIGN_STYLE = Automatic;
				INFOPLIST_FILE = "swift-chat-app MessagesExtension/Info.plist";
				LD_RUNPATH_SEARCH_PATHS = (
					"$(inherited)",
					"@executable_path/Frameworks",
					"@executable_path/../../Frameworks",
				);
				PRODUCT_BUNDLE_IDENTIFIER = "Appfirts.swift-chat-app.MessagesExtension";
				PRODUCT_NAME = "$(TARGET_NAME)";
				SKIP_INSTALL = YES;
				SWIFT_VERSION = 5.0;
				TARGETED_DEVICE_FAMILY = "1,2";
			};
			name = Debug;
		};
		84BDF14729FE8596004CD8E4 /* Release */ = {
			isa = XCBuildConfiguration;
			buildSettings = {
				ASSETCATALOG_COMPILER_APPICON_NAME = "iMessage App Icon";
				CODE_SIGN_STYLE = Automatic;
				INFOPLIST_FILE = "swift-chat-app MessagesExtension/Info.plist";
				LD_RUNPATH_SEARCH_PATHS = (
					"$(inherited)",
					"@executable_path/Frameworks",
					"@executable_path/../../Frameworks",
				);
				PRODUCT_BUNDLE_IDENTIFIER = "Appfirts.swift-chat-app.MessagesExtension";
				PRODUCT_NAME = "$(TARGET_NAME)";
				SKIP_INSTALL = YES;
				SWIFT_VERSION = 5.0;
				TARGETED_DEVICE_FAMILY = "1,2";
			};
			name = Release;
		};
		84BDF14A29FE8596004CD8E4 /* Debug */ = {
			isa = XCBuildConfiguration;
			buildSettings = {
				ALWAYS_EMBED_SWIFT_STANDARD_LIBRARIES = YES;
				ASSETCATALOG_COMPILER_APPICON_NAME = AppIcon;
				CODE_SIGN_STYLE = Automatic;
				INFOPLIST_FILE = "swift-chat-app/Info.plist";
				PRODUCT_BUNDLE_IDENTIFIER = "Appfirts.swift-chat-app";
				PRODUCT_NAME = "$(TARGET_NAME)";
				SWIFT_VERSION = 5.0;
				TARGETED_DEVICE_FAMILY = "1,2";
			};
			name = Debug;
		};
		84BDF14B29FE8596004CD8E4 /* Release */ = {
			isa = XCBuildConfiguration;
			buildSettings = {
				ALWAYS_EMBED_SWIFT_STANDARD_LIBRARIES = YES;
				ASSETCATALOG_COMPILER_APPICON_NAME = AppIcon;
				CODE_SIGN_STYLE = Automatic;
				INFOPLIST_FILE = "swift-chat-app/Info.plist";
				PRODUCT_BUNDLE_IDENTIFIER = "Appfirts.swift-chat-app";
				PRODUCT_NAME = "$(TARGET_NAME)";
				SWIFT_VERSION = 5.0;
				TARGETED_DEVICE_FAMILY = "1,2";
			};
			name = Release;
		};
/* End XCBuildConfiguration section */

/* Begin XCConfigurationList section */
		84BDF12629FE8596004CD8E4 /* Build configuration list for PBXProject "swift-chat-app" */ = {
			isa = XCConfigurationList;
			buildConfigurations = (
				84BDF14329FE8596004CD8E4 /* Debug */,
				84BDF14429FE8596004CD8E4 /* Release */,
			);
			defaultConfigurationIsVisible = 0;
			defaultConfigurationName = Release;
		};
		84BDF14529FE8596004CD8E4 /* Build configuration list for PBXNativeTarget "swift-chat-app MessagesExtension" */ = {
			isa = XCConfigurationList;
			buildConfigurations = (
				84BDF14629FE8596004CD8E4 /* Debug */,
				84BDF14729FE8596004CD8E4 /* Release */,
			);
			defaultConfigurationIsVisible = 0;
			defaultConfigurationName = Release;
		};
		84BDF14929FE8596004CD8E4 /* Build configuration list for PBXNativeTarget "swift-chat-app" */ = {
			isa = XCConfigurationList;
			buildConfigurations = (
				84BDF14A29FE8596004CD8E4 /* Debug */,
				84BDF14B29FE8596004CD8E4 /* Release */,
			);
			defaultConfigurationIsVisible = 0;
			defaultConfigurationName = Release;
		};
/* End XCConfigurationList section */
	};
	rootObject = 84BDF12329FE8596004CD8E4 /* Project object */;
}
